
Microsoft Visual Studio Solution File, Format Version 12.00
# Visual Studio Version 16
VisualStudioVersion = 16.0.31025.194
MinimumVisualStudioVersion = 10.0.40219.1
Project("{FAE04EC0-301F-11D3-BF4B-00C04F79EFBC}") = "PLekarska", "PLekarska\PLekarska.csproj", "{FEAA5EE7-7905-4933-9053-607AA121170B}"
EndProject
Project("{FAE04EC0-301F-11D3-BF4B-00C04F79EFBC}") = "PLekarska.Core", "PLekarska.Core\PLekarska.Core.csproj", "{C744FC19-1213-4065-ABAD-02E25FEDA6A7}"
EndProject
Project("{FAE04EC0-301F-11D3-BF4B-00C04F79EFBC}") = "PLekarska.Infrastructure", "PLekarska.Infrastructure\PLekarska.Infrastructure.csproj", "{7FAECC1B-544D-4C74-A68C-0F9AFF224781}"
EndProject
Global
	GlobalSection(SolutionConfigurationPlatforms) = preSolution
		Debug|Any CPU = Debug|Any CPU
		Release|Any CPU = Release|Any CPU
	EndGlobalSection
	GlobalSection(ProjectConfigurationPlatforms) = postSolution
		{FEAA5EE7-7905-4933-9053-607AA121170B}.Debug|Any CPU.ActiveCfg = Debug|Any CPU
		{FEAA5EE7-7905-4933-9053-607AA121170B}.Debug|Any CPU.Build.0 = Debug|Any CPU
		{FEAA5EE7-7905-4933-9053-607AA121170B}.Release|Any CPU.ActiveCfg = Release|Any CPU
		{FEAA5EE7-7905-4933-9053-607AA121170B}.Release|Any CPU.Build.0 = Release|Any CPU
		{C744FC19-1213-4065-ABAD-02E25FEDA6A7}.Debug|Any CPU.ActiveCfg = Debug|Any CPU
		{C744FC19-1213-4065-ABAD-02E25FEDA6A7}.Debug|Any CPU.Build.0 = Debug|Any CPU
		{C744FC19-1213-4065-ABAD-02E25FEDA6A7}.Release|Any CPU.ActiveCfg = Release|Any CPU
		{C744FC19-1213-4065-ABAD-02E25FEDA6A7}.Release|Any CPU.Build.0 = Release|Any CPU
		{7FAECC1B-544D-4C74-A68C-0F9AFF224781}.Debug|Any CPU.ActiveCfg = Debug|Any CPU
		{7FAECC1B-544D-4C74-A68C-0F9AFF224781}.Debug|Any CPU.Build.0 = Debug|Any CPU
		{7FAECC1B-544D-4C74-A68C-0F9AFF224781}.Release|Any CPU.ActiveCfg = Release|Any CPU
		{7FAECC1B-544D-4C74-A68C-0F9AFF224781}.Release|Any CPU.Build.0 = Release|Any CPU
	EndGlobalSection
	GlobalSection(SolutionProperties) = preSolution
		HideSolutionNode = FALSE
	EndGlobalSection
	GlobalSection(ExtensibilityGlobals) = postSolution
		SolutionGuid = {B9C6E7FF-278B-4A28-ADAD-E2DCD060110A}
	EndGlobalSection
EndGlobal
